// !$*UTF8*$!
{
	archiveVersion = 1;
	classes = {
	};
	objectVersion = 46;
	objects = {

/* Begin PBXBuildFile section */
		41411B5C093535DEBB702E69 /* libPods-TWOpenURLDemo.a in Frameworks */ = {isa = PBXBuildFile; fileRef = 3BD9E4928F86420828EB09EF /* libPods-TWOpenURLDemo.a */; };
		B8D0A8851CCB460B0054F896 /* main.m in Sources */ = {isa = PBXBuildFile; fileRef = B8D0A8841CCB460B0054F896 /* main.m */; };
		B8D0A8881CCB460B0054F896 /* AppDelegate.m in Sources */ = {isa = PBXBuildFile; fileRef = B8D0A8871CCB460B0054F896 /* AppDelegate.m */; };
		B8D0A88B1CCB460B0054F896 /* ViewController.m in Sources */ = {isa = PBXBuildFile; fileRef = B8D0A88A1CCB460B0054F896 /* ViewController.m */; };
		B8D0A88E1CCB460B0054F896 /* Main.storyboard in Resources */ = {isa = PBXBuildFile; fileRef = B8D0A88C1CCB460B0054F896 /* Main.storyboard */; };
		B8D0A8901CCB460B0054F896 /* Assets.xcassets in Resources */ = {isa = PBXBuildFile; fileRef = B8D0A88F1CCB460B0054F896 /* Assets.xcassets */; };
		B8D0A8931CCB460B0054F896 /* LaunchScreen.storyboard in Resources */ = {isa = PBXBuildFile; fileRef = B8D0A8911CCB460B0054F896 /* LaunchScreen.storyboard */; };
/* End PBXBuildFile section */

/* Begin PBXFileReference section */
		030814E38F15BB1791F879C7 /* Pods-TWOpenURLDemo.release.xcconfig */ = {isa = PBXFileReference; includeInIndex = 1; lastKnownFileType = text.xcconfig; name = "Pods-TWOpenURLDemo.release.xcconfig"; path = "Pods/Target Support Files/Pods-TWOpenURLDemo/Pods-TWOpenURLDemo.release.xcconfig"; sourceTree = "<group>"; };
		3BD9E4928F86420828EB09EF /* libPods-TWOpenURLDemo.a */ = {isa = PBXFileReference; explicitFileType = archive.ar; includeInIndex = 0; path = "libPods-TWOpenURLDemo.a"; sourceTree = BUILT_PRODUCTS_DIR; };
		4B3189D1EC66C8EBB1A51F64 /* Pods-TWOpenURLDemo.debug.xcconfig */ = {isa = PBXFileReference; includeInIndex = 1; lastKnownFileType = text.xcconfig; name = "Pods-TWOpenURLDemo.debug.xcconfig"; path = "Pods/Target Support Files/Pods-TWOpenURLDemo/Pods-TWOpenURLDemo.debug.xcconfig"; sourceTree = "<group>"; };
		B8D0A8801CCB460B0054F896 /* TWOpenURLDemo.app */ = {isa = PBXFileReference; explicitFileType = wrapper.application; includeInIndex = 0; path = TWOpenURLDemo.app; sourceTree = BUILT_PRODUCTS_DIR; };
		B8D0A8841CCB460B0054F896 /* main.m */ = {isa = PBXFileReference; lastKnownFileType = sourcecode.c.objc; path = main.m; sourceTree = "<group>"; };
		B8D0A8861CCB460B0054F896 /* AppDelegate.h */ = {isa = PBXFileReference; lastKnownFileType = sourcecode.c.h; path = AppDelegate.h; sourceTree = "<group>"; };
		B8D0A8871CCB460B0054F896 /* AppDelegate.m */ = {isa = PBXFileReference; lastKnownFileType = sourcecode.c.objc; path = AppDelegate.m; sourceTree = "<group>"; };
		B8D0A8891CCB460B0054F896 /* ViewController.h */ = {isa = PBXFileReference; lastKnownFileType = sourcecode.c.h; path = ViewController.h; sourceTree = "<group>"; };
		B8D0A88A1CCB460B0054F896 /* ViewController.m */ = {isa = PBXFileReference; lastKnownFileType = sourcecode.c.objc; path = ViewController.m; sourceTree = "<group>"; };
		B8D0A88D1CCB460B0054F896 /* Base */ = {isa = PBXFileReference; lastKnownFileType = file.storyboard; name = Base; path = Base.lproj/Main.storyboard; sourceTree = "<group>"; };
		B8D0A88F1CCB460B0054F896 /* Assets.xcassets */ = {isa = PBXFileReference; lastKnownFileType = folder.assetcatalog; path = Assets.xcassets; sourceTree = "<group>"; };
		B8D0A8921CCB460B0054F896 /* Base */ = {isa = PBXFileReference; lastKnownFileType = file.storyboard; name = Base; path = Base.lproj/LaunchScreen.storyboard; sourceTree = "<group>"; };
		B8D0A8941CCB460B0054F896 /* Info.plist */ = {isa = PBXFileReference; lastKnownFileType = text.plist.xml; path = Info.plist; sourceTree = "<group>"; };
/* End PBXFileReference section */

/* Begin PBXFrameworksBuildPhase section */
		B8D0A87D1CCB460B0054F896 /* Frameworks */ = {
			isa = PBXFrameworksBuildPhase;
			buildActionMask = 2147483647;
			files = (
				41411B5C093535DEBB702E69 /* libPods-TWOpenURLDemo.a in Frameworks */,
			);
			runOnlyForDeploymentPostprocessing = 0;
		};
/* End PBXFrameworksBuildPhase section */

/* Begin PBXGroup section */
		7048C4BF2CAB5037B8965D6E /* Frameworks */ = {
			isa = PBXGroup;
			children = (
				3BD9E4928F86420828EB09EF /* libPods-TWOpenURLDemo.a */,
			);
			name = Frameworks;
			sourceTree = "<group>";
		};
		7C024C993E5E826A2785E8DD /* Pods */ = {
			isa = PBXGroup;
			children = (
				4B3189D1EC66C8EBB1A51F64 /* Pods-TWOpenURLDemo.debug.xcconfig */,
				030814E38F15BB1791F879C7 /* Pods-TWOpenURLDemo.release.xcconfig */,
			);
			name = Pods;
			sourceTree = "<group>";
		};
		B8D0A8771CCB460B0054F896 = {
			isa = PBXGroup;
			children = (
				B8D0A8821CCB460B0054F896 /* TWOpenURLDemo */,
				B8D0A8811CCB460B0054F896 /* Products */,
				7C024C993E5E826A2785E8DD /* Pods */,
				7048C4BF2CAB5037B8965D6E /* Frameworks */,
			);
			sourceTree = "<group>";
		};
		B8D0A8811CCB460B0054F896 /* Products */ = {
			isa = PBXGroup;
			children = (
				B8D0A8801CCB460B0054F896 /* TWOpenURLDemo.app */,
			);
			name = Products;
			sourceTree = "<group>";
		};
		B8D0A8821CCB460B0054F896 /* TWOpenURLDemo */ = {
			isa = PBXGroup;
			children = (
				B8D0A8861CCB460B0054F896 /* AppDelegate.h */,
				B8D0A8871CCB460B0054F896 /* AppDelegate.m */,
				B8D0A8891CCB460B0054F896 /* ViewController.h */,
				B8D0A88A1CCB460B0054F896 /* ViewController.m */,
				B8D0A88C1CCB460B0054F896 /* Main.storyboard */,
				B8D0A88F1CCB460B0054F896 /* Assets.xcassets */,
				B8D0A8911CCB460B0054F896 /* LaunchScreen.storyboard */,
				B8D0A8941CCB460B0054F896 /* Info.plist */,
				B8D0A8831CCB460B0054F896 /* Supporting Files */,
			);
			path = TWOpenURLDemo;
			sourceTree = "<group>";
		};
		B8D0A8831CCB460B0054F896 /* Supporting Files */ = {
			isa = PBXGroup;
			children = (
				B8D0A8841CCB460B0054F896 /* main.m */,
			);
			name = "Supporting Files";
			sourceTree = "<group>";
		};
/* End PBXGroup section */

/* Begin PBXNativeTarget section */
		B8D0A87F1CCB460B0054F896 /* TWOpenURLDemo */ = {
			isa = PBXNativeTarget;
			buildConfigurationList = B8D0A8971CCB460B0054F896 /* Build configuration list for PBXNativeTarget "TWOpenURLDemo" */;
			buildPhases = (
				51FF5DBE9BD6CD229C5F50E7 /* 📦 Check Pods Manifest.lock */,
				B8D0A87C1CCB460B0054F896 /* Sources */,
				B8D0A87D1CCB460B0054F896 /* Frameworks */,
				B8D0A87E1CCB460B0054F896 /* Resources */,
				11F4C7F09E193D9E9B7584AB /* 📦 Embed Pods Frameworks */,
				93FC93CD0186828E7D9BCE1C /* 📦 Copy Pods Resources */,
			);
			buildRules = (
			);
			dependencies = (
			);
			name = TWOpenURLDemo;
			productName = TWOpenURLDemo;
			productReference = B8D0A8801CCB460B0054F896 /* TWOpenURLDemo.app */;
			productType = "com.apple.product-type.application";
		};
/* End PBXNativeTarget section */

/* Begin PBXProject section */
		B8D0A8781CCB460B0054F896 /* Project object */ = {
			isa = PBXProject;
			attributes = {
				LastUpgradeCheck = 0730;
				ORGANIZATIONNAME = "Wen Tan";
				TargetAttributes = {
					B8D0A87F1CCB460B0054F896 = {
						CreatedOnToolsVersion = 7.3;
						DevelopmentTeam = 6QRWM94KKM;
					};
				};
			};
			buildConfigurationList = B8D0A87B1CCB460B0054F896 /* Build configuration list for PBXProject "TWOpenURLDemo" */;
			compatibilityVersion = "Xcode 3.2";
			developmentRegion = English;
			hasScannedForEncodings = 0;
			knownRegions = (
				en,
				Base,
			);
			mainGroup = B8D0A8771CCB460B0054F896;
			productRefGroup = B8D0A8811CCB460B0054F896 /* Products */;
			projectDirPath = "";
			projectRoot = "";
			targets = (
				B8D0A87F1CCB460B0054F896 /* TWOpenURLDemo */,
			);
		};
/* End PBXProject section */

/* Begin PBXResourcesBuildPhase section */
		B8D0A87E1CCB460B0054F896 /* Resources */ = {
			isa = PBXResourcesBuildPhase;
			buildActionMask = 2147483647;
			files = (
				B8D0A8931CCB460B0054F896 /* LaunchScreen.storyboard in Resources */,
				B8D0A8901CCB460B0054F896 /* Assets.xcassets in Resources */,
				B8D0A88E1CCB460B0054F896 /* Main.storyboard in Resources */,
			);
			runOnlyForDeploymentPostprocessing = 0;
		};
/* End PBXResourcesBuildPhase section */

/* Begin PBXShellScriptBuildPhase section */
		11F4C7F09E193D9E9B7584AB /* 📦 Embed Pods Frameworks */ = {
			isa = PBXShellScriptBuildPhase;
			buildActionMask = 2147483647;
			files = (
			);
			inputPaths = (
			);
			name = "📦 Embed Pods Frameworks";
			outputPaths = (
			);
			runOnlyForDeploymentPostprocessing = 0;
			shellPath = /bin/sh;
			shellScript = "\"${SRCROOT}/Pods/Target Support Files/Pods-TWOpenURLDemo/Pods-TWOpenURLDemo-frameworks.sh\"\n";
			showEnvVarsInLog = 0;
		};
		51FF5DBE9BD6CD229C5F50E7 /* 📦 Check Pods Manifest.lock */ = {
			isa = PBXShellScriptBuildPhase;
			buildActionMask = 2147483647;
			files = (
			);
			inputPaths = (
			);
			name = "📦 Check Pods Manifest.lock";
			outputPaths = (
			);
			runOnlyForDeploymentPostprocessing = 0;
			shellPath = /bin/sh;
			shellScript = "diff \"${PODS_ROOT}/../Podfile.lock\" \"${PODS_ROOT}/Manifest.lock\" > /dev/null\nif [[ $? != 0 ]] ; then\n    cat << EOM\nerror: The sandbox is not in sync with the Podfile.lock. Run 'pod install' or update your CocoaPods installation.\nEOM\n    exit 1\nfi\n";
			showEnvVarsInLog = 0;
		};
		93FC93CD0186828E7D9BCE1C /* 📦 Copy Pods Resources */ = {
			isa = PBXShellScriptBuildPhase;
			buildActionMask = 2147483647;
			files = (
			);
			inputPaths = (
			);
			name = "📦 Copy Pods Resources";
			outputPaths = (
			);
			runOnlyForDeploymentPostprocessing = 0;
			shellPath = /bin/sh;
			shellScript = "\"${SRCROOT}/Pods/Target Support Files/Pods-TWOpenURLDemo/Pods-TWOpenURLDemo-resources.sh\"\n";
			showEnvVarsInLog = 0;
		};
/* End PBXShellScriptBuildPhase section */

/* Begin PBXSourcesBuildPhase section */
		B8D0A87C1CCB460B0054F896 /* Sources */ = {
			isa = PBXSourcesBuildPhase;
			buildActionMask = 2147483647;
			files = (
				B8D0A88B1CCB460B0054F896 /* ViewController.m in Sources */,
				B8D0A8881CCB460B0054F896 /* AppDelegate.m in Sources */,
				B8D0A8851CCB460B0054F896 /* main.m in Sources */,
			);
			runOnlyForDeploymentPostprocessing = 0;
		};
/* End PBXSourcesBuildPhase section */

/* Begin PBXVariantGroup section */
		B8D0A88C1CCB460B0054F896 /* Main.storyboard */ = {
			isa = PBXVariantGroup;
			children = (
				B8D0A88D1CCB460B0054F896 /* Base */,
			);
			name = Main.storyboard;
			sourceTree = "<group>";
		};
		B8D0A8911CCB460B0054F896 /* LaunchScreen.storyboard */ = {
			isa = PBXVariantGroup;
			children = (
				B8D0A8921CCB460B0054F896 /* Base */,
			);
			name = LaunchScreen.storyboard;
			sourceTree = "<group>";
		};
/* End PBXVariantGroup section */

/* Begin XCBuildConfiguration section */
		B8D0A8951CCB460B0054F896 /* Debug */ = {
			isa = XCBuildConfiguration;
			buildSettings = {
				ALWAYS_SEARCH_USER_PATHS = NO;
				CLANG_ANALYZER_NONNULL = YES;
				CLANG_CXX_LANGUAGE_STANDARD = "gnu++0x";
				CLANG_CXX_LIBRARY = "libc++";
				CLANG_ENABLE_MODULES = YES;
				CLANG_ENABLE_OBJC_ARC = YES;
				CLANG_WARN_BOOL_CONVERSION = YES;
				CLANG_WARN_CONSTANT_CONVERSION = YES;
				CLANG_WARN_DIRECT_OBJC_ISA_USAGE = YES_ERROR;
				CLANG_WARN_EMPTY_BODY = YES;
				CLANG_WARN_ENUM_CONVERSION = YES;
				CLANG_WARN_INT_CONVERSION = YES;
				CLANG_WARN_OBJC_ROOT_CLASS = YES_ERROR;
				CLANG_WARN_UNREACHABLE_CODE = YES;
				CLANG_WARN__DUPLICATE_METHOD_MATCH = YES;
				"CODE_SIGN_IDENTITY[sdk=iphoneos*]" = "iPhone Developer";
				COPY_PHASE_STRIP = NO;
				DEBUG_INFORMATION_FORMAT = dwarf;
				ENABLE_STRICT_OBJC_MSGSEND = YES;
				ENABLE_TESTABILITY = YES;
				GCC_C_LANGUAGE_STANDARD = gnu99;
				GCC_DYNAMIC_NO_PIC = NO;
				GCC_NO_COMMON_BLOCKS = YES;
				GCC_OPTIMIZATION_LEVEL = 0;
				GCC_PREPROCESSOR_DEFINITIONS = (
					"DEBUG=1",
					"$(inherited)",
				);
				GCC_WARN_64_TO_32_BIT_CONVERSION = YES;
				GCC_WARN_ABOUT_RETURN_TYPE = YES_ERROR;
				GCC_WARN_UNDECLARED_SELECTOR = YES;
				GCC_WARN_UNINITIALIZED_AUTOS = YES_AGGRESSIVE;
				GCC_WARN_UNUSED_FUNCTION = YES;
				GCC_WARN_UNUSED_VARIABLE = YES;
				IPHONEOS_DEPLOYMENT_TARGET = 9.3;
				MTL_ENABLE_DEBUG_INFO = YES;
				ONLY_ACTIVE_ARCH = YES;
				SDKROOT = iphoneos;
				TARGETED_DEVICE_FAMILY = "1,2";
			};
			name = Debug;
		};
		B8D0A8961CCB460B0054F896 /* Release */ = {
			isa = XCBuildConfiguration;
			buildSettings = {
				ALWAYS_SEARCH_USER_PATHS = NO;
				CLANG_ANALYZER_NONNULL = YES;
				CLANG_CXX_LANGUAGE_STANDARD = "gnu++0x";
				CLANG_CXX_LIBRARY = "libc++";
				CLANG_ENABLE_MODULES = YES;
				CLANG_ENABLE_OBJC_ARC = YES;
				CLANG_WARN_BOOL_CONVERSION = YES;
				CLANG_WARN_CONSTANT_CONVERSION = YES;
				CLANG_WARN_DIRECT_OBJC_ISA_USAGE = YES_ERROR;
				CLANG_WARN_EMPTY_BODY = YES;
				CLANG_WARN_ENUM_CONVERSION = YES;
				CLANG_WARN_INT_CONVERSION = YES;
				CLANG_WARN_OBJC_ROOT_CLASS = YES_ERROR;
				CLANG_WARN_UNREACHABLE_CODE = YES;
				CLANG_WARN__DUPLICATE_METHOD_MATCH = YES;
				"CODE_SIGN_IDENTITY[sdk=iphoneos*]" = "iPhone Developer";
				COPY_PHASE_STRIP = NO;
				DEBUG_INFORMATION_FORMAT = "dwarf-with-dsym";
				ENABLE_NS_ASSERTIONS = NO;
				ENABLE_STRICT_OBJC_MSGSEND = YES;
				GCC_C_LANGUAGE_STANDARD = gnu99;
				GCC_NO_COMMON_BLOCKS = YES;
				GCC_WARN_64_TO_32_BIT_CONVERSION = YES;
				GCC_WARN_ABOUT_RETURN_TYPE = YES_ERROR;
				GCC_WARN_UNDECLARED_SELECTOR = YES;
				GCC_WARN_UNINITIALIZED_AUTOS = YES_AGGRESSIVE;
				GCC_WARN_UNUSED_FUNCTION = YES;
				GCC_WARN_UNUSED_VARIABLE = YES;
				IPHONEOS_DEPLOYMENT_TARGET = 9.3;
				MTL_ENABLE_DEBUG_INFO = NO;
				SDKROOT = iphoneos;
				TARGETED_DEVICE_FAMILY = "1,2";
				VALIDATE_PRODUCT = YES;
			};
			name = Release;
		};
		B8D0A8981CCB460B0054F896 /* Debug */ = {
			isa = XCBuildConfiguration;
			baseConfigurationReference = 4B3189D1EC66C8EBB1A51F64 /* Pods-TWOpenURLDemo.debug.xcconfig */;
			buildSettings = {
				ASSETCATALOG_COMPILER_APPICON_NAME = AppIcon;
				INFOPLIST_FILE = TWOpenURLDemo/Info.plist;
				LD_RUNPATH_SEARCH_PATHS = "$(inherited) @executable_path/Frameworks";
				PRODUCT_BUNDLE_IDENTIFIER = com.wentan.TWOpenURLDemo;
				PRODUCT_NAME = "$(TARGET_NAME)";
			};
			name = Debug;
		};
		B8D0A8991CCB460B0054F896 /* Release */ = {
			isa = XCBuildConfiguration;
			baseConfigurationReference = 030814E38F15BB1791F879C7 /* Pods-TWOpenURLDemo.release.xcconfig */;
			buildSettings = {
				ASSETCATALOG_COMPILER_APPICON_NAME = AppIcon;
				INFOPLIST_FILE = TWOpenURLDemo/Info.plist;
				LD_RUNPATH_SEARCH_PATHS = "$(inherited) @executable_path/Frameworks";
				PRODUCT_BUNDLE_IDENTIFIER = com.wentan.TWOpenURLDemo;
				PRODUCT_NAME = "$(TARGET_NAME)";
			};
			name = Release;
		};
/* End XCBuildConfiguration section */

/* Begin XCConfigurationList section */
		B8D0A87B1CCB460B0054F896 /* Build configuration list for PBXProject "TWOpenURLDemo" */ = {
			isa = XCConfigurationList;
			buildConfigurations = (
				B8D0A8951CCB460B0054F896 /* Debug */,
				B8D0A8961CCB460B0054F896 /* Release */,
			);
			defaultConfigurationIsVisible = 0;
			defaultConfigurationName = Release;
		};
		B8D0A8971CCB460B0054F896 /* Build configuration list for PBXNativeTarget "TWOpenURLDemo" */ = {
			isa = XCConfigurationList;
			buildConfigurations = (
				B8D0A8981CCB460B0054F896 /* Debug */,
				B8D0A8991CCB460B0054F896 /* Release */,
			);
			defaultConfigurationIsVisible = 0;
			defaultConfigurationName = Release;
		};
/* End XCConfigurationList section */
	};
	rootObject = B8D0A8781CCB460B0054F896 /* Project object */;
}
