// !$*UTF8*$!
{
	archiveVersion = 1;
	classes = {
	};
	objectVersion = 46;
	objects = {

/* Begin PBXBuildFile section */
		B8C190031C2B98ED0012F44B /* main.m in Sources */ = {isa = PBXBuildFile; fileRef = B8C190021C2B98ED0012F44B /* main.m */; };
		B8C190061C2B98ED0012F44B /* AppDelegate.m in Sources */ = {isa = PBXBuildFile; fileRef = B8C190051C2B98ED0012F44B /* AppDelegate.m */; };
		B8C190091C2B98ED0012F44B /* ViewController.m in Sources */ = {isa = PBXBuildFile; fileRef = B8C190081C2B98ED0012F44B /* ViewController.m */; };
		B8C1900C1C2B98ED0012F44B /* Main.storyboard in Resources */ = {isa = PBXBuildFile; fileRef = B8C1900A1C2B98ED0012F44B /* Main.storyboard */; };
		B8C1900E1C2B98ED0012F44B /* Assets.xcassets in Resources */ = {isa = PBXBuildFile; fileRef = B8C1900D1C2B98ED0012F44B /* Assets.xcassets */; };
		B8C190111C2B98ED0012F44B /* LaunchScreen.storyboard in Resources */ = {isa = PBXBuildFile; fileRef = B8C1900F1C2B98ED0012F44B /* LaunchScreen.storyboard */; };
/* End PBXBuildFile section */

/* Begin PBXFileReference section */
		B8C18FFE1C2B98ED0012F44B /* NotificationTest.app */ = {isa = PBXFileReference; explicitFileType = wrapper.application; includeInIndex = 0; path = NotificationTest.app; sourceTree = BUILT_PRODUCTS_DIR; };
		B8C190021C2B98ED0012F44B /* main.m */ = {isa = PBXFileReference; lastKnownFileType = sourcecode.c.objc; path = main.m; sourceTree = "<group>"; };
		B8C190041C2B98ED0012F44B /* AppDelegate.h */ = {isa = PBXFileReference; lastKnownFileType = sourcecode.c.h; path = AppDelegate.h; sourceTree = "<group>"; };
		B8C190051C2B98ED0012F44B /* AppDelegate.m */ = {isa = PBXFileReference; lastKnownFileType = sourcecode.c.objc; path = AppDelegate.m; sourceTree = "<group>"; };
		B8C190071C2B98ED0012F44B /* ViewController.h */ = {isa = PBXFileReference; lastKnownFileType = sourcecode.c.h; path = ViewController.h; sourceTree = "<group>"; };
		B8C190081C2B98ED0012F44B /* ViewController.m */ = {isa = PBXFileReference; lastKnownFileType = sourcecode.c.objc; path = ViewController.m; sourceTree = "<group>"; };
		B8C1900B1C2B98ED0012F44B /* Base */ = {isa = PBXFileReference; lastKnownFileType = file.storyboard; name = Base; path = Base.lproj/Main.storyboard; sourceTree = "<group>"; };
		B8C1900D1C2B98ED0012F44B /* Assets.xcassets */ = {isa = PBXFileReference; lastKnownFileType = folder.assetcatalog; path = Assets.xcassets; sourceTree = "<group>"; };
		B8C190101C2B98ED0012F44B /* Base */ = {isa = PBXFileReference; lastKnownFileType = file.storyboard; name = Base; path = Base.lproj/LaunchScreen.storyboard; sourceTree = "<group>"; };
		B8C190121C2B98ED0012F44B /* Info.plist */ = {isa = PBXFileReference; lastKnownFileType = text.plist.xml; path = Info.plist; sourceTree = "<group>"; };
/* End PBXFileReference section */

/* Begin PBXFrameworksBuildPhase section */
		B8C18FFB1C2B98ED0012F44B /* Frameworks */ = {
			isa = PBXFrameworksBuildPhase;
			buildActionMask = 2147483647;
			files = (
			);
			runOnlyForDeploymentPostprocessing = 0;
		};
/* End PBXFrameworksBuildPhase section */

/* Begin PBXGroup section */
		B8C18FF51C2B98ED0012F44B = {
			isa = PBXGroup;
			children = (
				B8C190001C2B98ED0012F44B /* NotificationTest */,
				B8C18FFF1C2B98ED0012F44B /* Products */,
			);
			sourceTree = "<group>";
		};
		B8C18FFF1C2B98ED0012F44B /* Products */ = {
			isa = PBXGroup;
			children = (
				B8C18FFE1C2B98ED0012F44B /* NotificationTest.app */,
			);
			name = Products;
			sourceTree = "<group>";
		};
		B8C190001C2B98ED0012F44B /* NotificationTest */ = {
			isa = PBXGroup;
			children = (
				B8C190041C2B98ED0012F44B /* AppDelegate.h */,
				B8C190051C2B98ED0012F44B /* AppDelegate.m */,
				B8C190071C2B98ED0012F44B /* ViewController.h */,
				B8C190081C2B98ED0012F44B /* ViewController.m */,
				B8C1900A1C2B98ED0012F44B /* Main.storyboard */,
				B8C1900D1C2B98ED0012F44B /* Assets.xcassets */,
				B8C1900F1C2B98ED0012F44B /* LaunchScreen.storyboard */,
				B8C190121C2B98ED0012F44B /* Info.plist */,
				B8C190011C2B98ED0012F44B /* Supporting Files */,
			);
			path = NotificationTest;
			sourceTree = "<group>";
		};
		B8C190011C2B98ED0012F44B /* Supporting Files */ = {
			isa = PBXGroup;
			children = (
				B8C190021C2B98ED0012F44B /* main.m */,
			);
			name = "Supporting Files";
			sourceTree = "<group>";
		};
/* End PBXGroup section */

/* Begin PBXNativeTarget section */
		B8C18FFD1C2B98ED0012F44B /* NotificationTest */ = {
			isa = PBXNativeTarget;
			buildConfigurationList = B8C190151C2B98ED0012F44B /* Build configuration list for PBXNativeTarget "NotificationTest" */;
			buildPhases = (
				B8C18FFA1C2B98ED0012F44B /* Sources */,
				B8C18FFB1C2B98ED0012F44B /* Frameworks */,
				B8C18FFC1C2B98ED0012F44B /* Resources */,
			);
			buildRules = (
			);
			dependencies = (
			);
			name = NotificationTest;
			productName = NotificationTest;
			productReference = B8C18FFE1C2B98ED0012F44B /* NotificationTest.app */;
			productType = "com.apple.product-type.application";
		};
/* End PBXNativeTarget section */

/* Begin PBXProject section */
		B8C18FF61C2B98ED0012F44B /* Project object */ = {
			isa = PBXProject;
			attributes = {
				LastUpgradeCheck = 0720;
				ORGANIZATIONNAME = "Wen Tan";
				TargetAttributes = {
					B8C18FFD1C2B98ED0012F44B = {
						CreatedOnToolsVersion = 7.2;
					};
				};
			};
			buildConfigurationList = B8C18FF91C2B98ED0012F44B /* Build configuration list for PBXProject "NotificationTest" */;
			compatibilityVersion = "Xcode 3.2";
			developmentRegion = English;
			hasScannedForEncodings = 0;
			knownRegions = (
				en,
				Base,
			);
			mainGroup = B8C18FF51C2B98ED0012F44B;
			productRefGroup = B8C18FFF1C2B98ED0012F44B /* Products */;
			projectDirPath = "";
			projectRoot = "";
			targets = (
				B8C18FFD1C2B98ED0012F44B /* NotificationTest */,
			);
		};
/* End PBXProject section */

/* Begin PBXResourcesBuildPhase section */
		B8C18FFC1C2B98ED0012F44B /* Resources */ = {
			isa = PBXResourcesBuildPhase;
			buildActionMask = 2147483647;
			files = (
				B8C190111C2B98ED0012F44B /* LaunchScreen.storyboard in Resources */,
				B8C1900E1C2B98ED0012F44B /* Assets.xcassets in Resources */,
				B8C1900C1C2B98ED0012F44B /* Main.storyboard in Resources */,
			);
			runOnlyForDeploymentPostprocessing = 0;
		};
/* End PBXResourcesBuildPhase section */

/* Begin PBXSourcesBuildPhase section */
		B8C18FFA1C2B98ED0012F44B /* Sources */ = {
			isa = PBXSourcesBuildPhase;
			buildActionMask = 2147483647;
			files = (
				B8C190091C2B98ED0012F44B /* ViewController.m in Sources */,
				B8C190061C2B98ED0012F44B /* AppDelegate.m in Sources */,
				B8C190031C2B98ED0012F44B /* main.m in Sources */,
			);
			runOnlyForDeploymentPostprocessing = 0;
		};
/* End PBXSourcesBuildPhase section */

/* Begin PBXVariantGroup section */
		B8C1900A1C2B98ED0012F44B /* Main.storyboard */ = {
			isa = PBXVariantGroup;
			children = (
				B8C1900B1C2B98ED0012F44B /* Base */,
			);
			name = Main.storyboard;
			sourceTree = "<group>";
		};
		B8C1900F1C2B98ED0012F44B /* LaunchScreen.storyboard */ = {
			isa = PBXVariantGroup;
			children = (
				B8C190101C2B98ED0012F44B /* Base */,
			);
			name = LaunchScreen.storyboard;
			sourceTree = "<group>";
		};
/* End PBXVariantGroup section */

/* Begin XCBuildConfiguration section */
		B8C190131C2B98ED0012F44B /* Debug */ = {
			isa = XCBuildConfiguration;
			buildSettings = {
				ALWAYS_SEARCH_USER_PATHS = NO;
				CLANG_CXX_LANGUAGE_STANDARD = "gnu++0x";
				CLANG_CXX_LIBRARY = "libc++";
				CLANG_ENABLE_MODULES = YES;
				CLANG_ENABLE_OBJC_ARC = YES;
				CLANG_WARN_BOOL_CONVERSION = YES;
				CLANG_WARN_CONSTANT_CONVERSION = YES;
				CLANG_WARN_DIRECT_OBJC_ISA_USAGE = YES_ERROR;
				CLANG_WARN_EMPTY_BODY = YES;
				CLANG_WARN_ENUM_CONVERSION = YES;
				CLANG_WARN_INT_CONVERSION = YES;
				CLANG_WARN_OBJC_ROOT_CLASS = YES_ERROR;
				CLANG_WARN_UNREACHABLE_CODE = YES;
				CLANG_WARN__DUPLICATE_METHOD_MATCH = YES;
				"CODE_SIGN_IDENTITY[sdk=iphoneos*]" = "iPhone Developer";
				COPY_PHASE_STRIP = NO;
				DEBUG_INFORMATION_FORMAT = dwarf;
				ENABLE_STRICT_OBJC_MSGSEND = YES;
				ENABLE_TESTABILITY = YES;
				GCC_C_LANGUAGE_STANDARD = gnu99;
				GCC_DYNAMIC_NO_PIC = NO;
				GCC_NO_COMMON_BLOCKS = YES;
				GCC_OPTIMIZATION_LEVEL = 0;
				GCC_PREPROCESSOR_DEFINITIONS = (
					"DEBUG=1",
					"$(inherited)",
				);
				GCC_WARN_64_TO_32_BIT_CONVERSION = YES;
				GCC_WARN_ABOUT_RETURN_TYPE = YES_ERROR;
				GCC_WARN_UNDECLARED_SELECTOR = YES;
				GCC_WARN_UNINITIALIZED_AUTOS = YES_AGGRESSIVE;
				GCC_WARN_UNUSED_FUNCTION = YES;
				GCC_WARN_UNUSED_VARIABLE = YES;
				IPHONEOS_DEPLOYMENT_TARGET = 9.2;
				MTL_ENABLE_DEBUG_INFO = YES;
				ONLY_ACTIVE_ARCH = YES;
				SDKROOT = iphoneos;
				TARGETED_DEVICE_FAMILY = "1,2";
			};
			name = Debug;
		};
		B8C190141C2B98ED0012F44B /* Release */ = {
			isa = XCBuildConfiguration;
			buildSettings = {
				ALWAYS_SEARCH_USER_PATHS = NO;
				CLANG_CXX_LANGUAGE_STANDARD = "gnu++0x";
				CLANG_CXX_LIBRARY = "libc++";
				CLANG_ENABLE_MODULES = YES;
				CLANG_ENABLE_OBJC_ARC = YES;
				CLANG_WARN_BOOL_CONVERSION = YES;
				CLANG_WARN_CONSTANT_CONVERSION = YES;
				CLANG_WARN_DIRECT_OBJC_ISA_USAGE = YES_ERROR;
				CLANG_WARN_EMPTY_BODY = YES;
				CLANG_WARN_ENUM_CONVERSION = YES;
				CLANG_WARN_INT_CONVERSION = YES;
				CLANG_WARN_OBJC_ROOT_CLASS = YES_ERROR;
				CLANG_WARN_UNREACHABLE_CODE = YES;
				CLANG_WARN__DUPLICATE_METHOD_MATCH = YES;
				"CODE_SIGN_IDENTITY[sdk=iphoneos*]" = "iPhone Developer";
				COPY_PHASE_STRIP = NO;
				DEBUG_INFORMATION_FORMAT = "dwarf-with-dsym";
				ENABLE_NS_ASSERTIONS = NO;
				ENABLE_STRICT_OBJC_MSGSEND = YES;
				GCC_C_LANGUAGE_STANDARD = gnu99;
				GCC_NO_COMMON_BLOCKS = YES;
				GCC_WARN_64_TO_32_BIT_CONVERSION = YES;
				GCC_WARN_ABOUT_RETURN_TYPE = YES_ERROR;
				GCC_WARN_UNDECLARED_SELECTOR = YES;
				GCC_WARN_UNINITIALIZED_AUTOS = YES_AGGRESSIVE;
				GCC_WARN_UNUSED_FUNCTION = YES;
				GCC_WARN_UNUSED_VARIABLE = YES;
				IPHONEOS_DEPLOYMENT_TARGET = 9.2;
				MTL_ENABLE_DEBUG_INFO = NO;
				SDKROOT = iphoneos;
				TARGETED_DEVICE_FAMILY = "1,2";
				VALIDATE_PRODUCT = YES;
			};
			name = Release;
		};
		B8C190161C2B98ED0012F44B /* Debug */ = {
			isa = XCBuildConfiguration;
			buildSettings = {
				ASSETCATALOG_COMPILER_APPICON_NAME = AppIcon;
				INFOPLIST_FILE = NotificationTest/Info.plist;
				LD_RUNPATH_SEARCH_PATHS = "$(inherited) @executable_path/Frameworks";
				PRODUCT_BUNDLE_IDENTIFIER = com.wentan.NotificationTest;
				PRODUCT_NAME = "$(TARGET_NAME)";
			};
			name = Debug;
		};
		B8C190171C2B98ED0012F44B /* Release */ = {
			isa = XCBuildConfiguration;
			buildSettings = {
				ASSETCATALOG_COMPILER_APPICON_NAME = AppIcon;
				INFOPLIST_FILE = NotificationTest/Info.plist;
				LD_RUNPATH_SEARCH_PATHS = "$(inherited) @executable_path/Frameworks";
				PRODUCT_BUNDLE_IDENTIFIER = com.wentan.NotificationTest;
				PRODUCT_NAME = "$(TARGET_NAME)";
			};
			name = Release;
		};
/* End XCBuildConfiguration section */

/* Begin XCConfigurationList section */
		B8C18FF91C2B98ED0012F44B /* Build configuration list for PBXProject "NotificationTest" */ = {
			isa = XCConfigurationList;
			buildConfigurations = (
				B8C190131C2B98ED0012F44B /* Debug */,
				B8C190141C2B98ED0012F44B /* Release */,
			);
			defaultConfigurationIsVisible = 0;
			defaultConfigurationName = Release;
		};
		B8C190151C2B98ED0012F44B /* Build configuration list for PBXNativeTarget "NotificationTest" */ = {
			isa = XCConfigurationList;
			buildConfigurations = (
				B8C190161C2B98ED0012F44B /* Debug */,
				B8C190171C2B98ED0012F44B /* Release */,
			);
			defaultConfigurationIsVisible = 0;
		};
/* End XCConfigurationList section */
	};
	rootObject = B8C18FF61C2B98ED0012F44B /* Project object */;
}
