// !$*UTF8*$!
{
	archiveVersion = 1;
	classes = {
	};
	objectVersion = 46;
	objects = {

/* Begin PBXBuildFile section */
		8E3B397E09C31243F9F1671F /* libPods-FRPPlayground.a in Frameworks */ = {isa = PBXBuildFile; fileRef = 2EEEBD033990B78F03B370D8 /* libPods-FRPPlayground.a */; };
		B80B95011C0BE27300CD3C4E /* ViewController.m in Sources */ = {isa = PBXBuildFile; fileRef = B80B94FF1C0BE27300CD3C4E /* ViewController.m */; };
		B80B95021C0BE27300CD3C4E /* ViewController.xib in Resources */ = {isa = PBXBuildFile; fileRef = B80B95001C0BE27300CD3C4E /* ViewController.xib */; };
		B827EB071C0AFCC7008CB5A2 /* main.m in Sources */ = {isa = PBXBuildFile; fileRef = B827EB061C0AFCC7008CB5A2 /* main.m */; };
		B827EB0A1C0AFCC7008CB5A2 /* AppDelegate.m in Sources */ = {isa = PBXBuildFile; fileRef = B827EB091C0AFCC7008CB5A2 /* AppDelegate.m */; };
		B827EB121C0AFCC7008CB5A2 /* Assets.xcassets in Resources */ = {isa = PBXBuildFile; fileRef = B827EB111C0AFCC7008CB5A2 /* Assets.xcassets */; };
		B827EB151C0AFCC7008CB5A2 /* LaunchScreen.storyboard in Resources */ = {isa = PBXBuildFile; fileRef = B827EB131C0AFCC7008CB5A2 /* LaunchScreen.storyboard */; };
/* End PBXBuildFile section */

/* Begin PBXFileReference section */
		125007067332CEA58C8BAA83 /* Pods-FRPPlayground.release.xcconfig */ = {isa = PBXFileReference; includeInIndex = 1; lastKnownFileType = text.xcconfig; name = "Pods-FRPPlayground.release.xcconfig"; path = "Pods/Target Support Files/Pods-FRPPlayground/Pods-FRPPlayground.release.xcconfig"; sourceTree = "<group>"; };
		234496C7B6E8CB7D4C63560F /* Pods-FRPPlayground.debug.xcconfig */ = {isa = PBXFileReference; includeInIndex = 1; lastKnownFileType = text.xcconfig; name = "Pods-FRPPlayground.debug.xcconfig"; path = "Pods/Target Support Files/Pods-FRPPlayground/Pods-FRPPlayground.debug.xcconfig"; sourceTree = "<group>"; };
		2EEEBD033990B78F03B370D8 /* libPods-FRPPlayground.a */ = {isa = PBXFileReference; explicitFileType = archive.ar; includeInIndex = 0; path = "libPods-FRPPlayground.a"; sourceTree = BUILT_PRODUCTS_DIR; };
		B80B94FE1C0BE27300CD3C4E /* ViewController.h */ = {isa = PBXFileReference; fileEncoding = 4; lastKnownFileType = sourcecode.c.h; path = ViewController.h; sourceTree = "<group>"; };
		B80B94FF1C0BE27300CD3C4E /* ViewController.m */ = {isa = PBXFileReference; fileEncoding = 4; lastKnownFileType = sourcecode.c.objc; path = ViewController.m; sourceTree = "<group>"; };
		B80B95001C0BE27300CD3C4E /* ViewController.xib */ = {isa = PBXFileReference; fileEncoding = 4; lastKnownFileType = file.xib; path = ViewController.xib; sourceTree = "<group>"; };
		B827EB021C0AFCC7008CB5A2 /* FRPPlayground.app */ = {isa = PBXFileReference; explicitFileType = wrapper.application; includeInIndex = 0; path = FRPPlayground.app; sourceTree = BUILT_PRODUCTS_DIR; };
		B827EB061C0AFCC7008CB5A2 /* main.m */ = {isa = PBXFileReference; lastKnownFileType = sourcecode.c.objc; path = main.m; sourceTree = "<group>"; };
		B827EB081C0AFCC7008CB5A2 /* AppDelegate.h */ = {isa = PBXFileReference; lastKnownFileType = sourcecode.c.h; path = AppDelegate.h; sourceTree = "<group>"; };
		B827EB091C0AFCC7008CB5A2 /* AppDelegate.m */ = {isa = PBXFileReference; lastKnownFileType = sourcecode.c.objc; path = AppDelegate.m; sourceTree = "<group>"; };
		B827EB111C0AFCC7008CB5A2 /* Assets.xcassets */ = {isa = PBXFileReference; lastKnownFileType = folder.assetcatalog; path = Assets.xcassets; sourceTree = "<group>"; };
		B827EB141C0AFCC7008CB5A2 /* Base */ = {isa = PBXFileReference; lastKnownFileType = file.storyboard; name = Base; path = Base.lproj/LaunchScreen.storyboard; sourceTree = "<group>"; };
		B827EB161C0AFCC7008CB5A2 /* Info.plist */ = {isa = PBXFileReference; lastKnownFileType = text.plist.xml; path = Info.plist; sourceTree = "<group>"; };
/* End PBXFileReference section */

/* Begin PBXFrameworksBuildPhase section */
		B827EAFF1C0AFCC7008CB5A2 /* Frameworks */ = {
			isa = PBXFrameworksBuildPhase;
			buildActionMask = 2147483647;
			files = (
				8E3B397E09C31243F9F1671F /* libPods-FRPPlayground.a in Frameworks */,
			);
			runOnlyForDeploymentPostprocessing = 0;
		};
/* End PBXFrameworksBuildPhase section */

/* Begin PBXGroup section */
		39C8ECE5975D98A8B4134667 /* Pods */ = {
			isa = PBXGroup;
			children = (
				234496C7B6E8CB7D4C63560F /* Pods-FRPPlayground.debug.xcconfig */,
				125007067332CEA58C8BAA83 /* Pods-FRPPlayground.release.xcconfig */,
			);
			name = Pods;
			sourceTree = "<group>";
		};
		6E8E05041227EC8E78D8FACC /* Frameworks */ = {
			isa = PBXGroup;
			children = (
				2EEEBD033990B78F03B370D8 /* libPods-FRPPlayground.a */,
			);
			name = Frameworks;
			sourceTree = "<group>";
		};
		B827EAF91C0AFCC7008CB5A2 = {
			isa = PBXGroup;
			children = (
				B827EB041C0AFCC7008CB5A2 /* FRPPlayground */,
				B827EB031C0AFCC7008CB5A2 /* Products */,
				39C8ECE5975D98A8B4134667 /* Pods */,
				6E8E05041227EC8E78D8FACC /* Frameworks */,
			);
			sourceTree = "<group>";
		};
		B827EB031C0AFCC7008CB5A2 /* Products */ = {
			isa = PBXGroup;
			children = (
				B827EB021C0AFCC7008CB5A2 /* FRPPlayground.app */,
			);
			name = Products;
			sourceTree = "<group>";
		};
		B827EB041C0AFCC7008CB5A2 /* FRPPlayground */ = {
			isa = PBXGroup;
			children = (
				B827EB081C0AFCC7008CB5A2 /* AppDelegate.h */,
				B827EB091C0AFCC7008CB5A2 /* AppDelegate.m */,
				B827EB111C0AFCC7008CB5A2 /* Assets.xcassets */,
				B827EB131C0AFCC7008CB5A2 /* LaunchScreen.storyboard */,
				B827EB161C0AFCC7008CB5A2 /* Info.plist */,
				B827EB051C0AFCC7008CB5A2 /* Supporting Files */,
				B80B94FE1C0BE27300CD3C4E /* ViewController.h */,
				B80B94FF1C0BE27300CD3C4E /* ViewController.m */,
				B80B95001C0BE27300CD3C4E /* ViewController.xib */,
			);
			path = FRPPlayground;
			sourceTree = "<group>";
		};
		B827EB051C0AFCC7008CB5A2 /* Supporting Files */ = {
			isa = PBXGroup;
			children = (
				B827EB061C0AFCC7008CB5A2 /* main.m */,
			);
			name = "Supporting Files";
			sourceTree = "<group>";
		};
/* End PBXGroup section */

/* Begin PBXNativeTarget section */
		B827EB011C0AFCC7008CB5A2 /* FRPPlayground */ = {
			isa = PBXNativeTarget;
			buildConfigurationList = B827EB191C0AFCC7008CB5A2 /* Build configuration list for PBXNativeTarget "FRPPlayground" */;
			buildPhases = (
				DF136D9A8426F63EE0208C61 /* Check Pods Manifest.lock */,
				B827EAFE1C0AFCC7008CB5A2 /* Sources */,
				B827EAFF1C0AFCC7008CB5A2 /* Frameworks */,
				B827EB001C0AFCC7008CB5A2 /* Resources */,
				1F7E3F4670D2141478DC4285 /* Embed Pods Frameworks */,
				A7DFBBD9F7E6258A3065D27A /* Copy Pods Resources */,
			);
			buildRules = (
			);
			dependencies = (
			);
			name = FRPPlayground;
			productName = FRPPlayground;
			productReference = B827EB021C0AFCC7008CB5A2 /* FRPPlayground.app */;
			productType = "com.apple.product-type.application";
		};
/* End PBXNativeTarget section */

/* Begin PBXProject section */
		B827EAFA1C0AFCC7008CB5A2 /* Project object */ = {
			isa = PBXProject;
			attributes = {
				LastUpgradeCheck = 0710;
				ORGANIZATIONNAME = "Wen Tan";
				TargetAttributes = {
					B827EB011C0AFCC7008CB5A2 = {
						CreatedOnToolsVersion = 7.1.1;
					};
				};
			};
			buildConfigurationList = B827EAFD1C0AFCC7008CB5A2 /* Build configuration list for PBXProject "FRPPlayground" */;
			compatibilityVersion = "Xcode 3.2";
			developmentRegion = English;
			hasScannedForEncodings = 0;
			knownRegions = (
				en,
				Base,
			);
			mainGroup = B827EAF91C0AFCC7008CB5A2;
			productRefGroup = B827EB031C0AFCC7008CB5A2 /* Products */;
			projectDirPath = "";
			projectRoot = "";
			targets = (
				B827EB011C0AFCC7008CB5A2 /* FRPPlayground */,
			);
		};
/* End PBXProject section */

/* Begin PBXResourcesBuildPhase section */
		B827EB001C0AFCC7008CB5A2 /* Resources */ = {
			isa = PBXResourcesBuildPhase;
			buildActionMask = 2147483647;
			files = (
				B827EB151C0AFCC7008CB5A2 /* LaunchScreen.storyboard in Resources */,
				B80B95021C0BE27300CD3C4E /* ViewController.xib in Resources */,
				B827EB121C0AFCC7008CB5A2 /* Assets.xcassets in Resources */,
			);
			runOnlyForDeploymentPostprocessing = 0;
		};
/* End PBXResourcesBuildPhase section */

/* Begin PBXShellScriptBuildPhase section */
		1F7E3F4670D2141478DC4285 /* Embed Pods Frameworks */ = {
			isa = PBXShellScriptBuildPhase;
			buildActionMask = 2147483647;
			files = (
			);
			inputPaths = (
			);
			name = "Embed Pods Frameworks";
			outputPaths = (
			);
			runOnlyForDeploymentPostprocessing = 0;
			shellPath = /bin/sh;
			shellScript = "\"${SRCROOT}/Pods/Target Support Files/Pods-FRPPlayground/Pods-FRPPlayground-frameworks.sh\"\n";
			showEnvVarsInLog = 0;
		};
		A7DFBBD9F7E6258A3065D27A /* Copy Pods Resources */ = {
			isa = PBXShellScriptBuildPhase;
			buildActionMask = 2147483647;
			files = (
			);
			inputPaths = (
			);
			name = "Copy Pods Resources";
			outputPaths = (
			);
			runOnlyForDeploymentPostprocessing = 0;
			shellPath = /bin/sh;
			shellScript = "\"${SRCROOT}/Pods/Target Support Files/Pods-FRPPlayground/Pods-FRPPlayground-resources.sh\"\n";
			showEnvVarsInLog = 0;
		};
		DF136D9A8426F63EE0208C61 /* Check Pods Manifest.lock */ = {
			isa = PBXShellScriptBuildPhase;
			buildActionMask = 2147483647;
			files = (
			);
			inputPaths = (
			);
			name = "Check Pods Manifest.lock";
			outputPaths = (
			);
			runOnlyForDeploymentPostprocessing = 0;
			shellPath = /bin/sh;
			shellScript = "diff \"${PODS_ROOT}/../Podfile.lock\" \"${PODS_ROOT}/Manifest.lock\" > /dev/null\nif [[ $? != 0 ]] ; then\n    cat << EOM\nerror: The sandbox is not in sync with the Podfile.lock. Run 'pod install' or update your CocoaPods installation.\nEOM\n    exit 1\nfi\n";
			showEnvVarsInLog = 0;
		};
/* End PBXShellScriptBuildPhase section */

/* Begin PBXSourcesBuildPhase section */
		B827EAFE1C0AFCC7008CB5A2 /* Sources */ = {
			isa = PBXSourcesBuildPhase;
			buildActionMask = 2147483647;
			files = (
				B80B95011C0BE27300CD3C4E /* ViewController.m in Sources */,
				B827EB0A1C0AFCC7008CB5A2 /* AppDelegate.m in Sources */,
				B827EB071C0AFCC7008CB5A2 /* main.m in Sources */,
			);
			runOnlyForDeploymentPostprocessing = 0;
		};
/* End PBXSourcesBuildPhase section */

/* Begin PBXVariantGroup section */
		B827EB131C0AFCC7008CB5A2 /* LaunchScreen.storyboard */ = {
			isa = PBXVariantGroup;
			children = (
				B827EB141C0AFCC7008CB5A2 /* Base */,
			);
			name = LaunchScreen.storyboard;
			sourceTree = "<group>";
		};
/* End PBXVariantGroup section */

/* Begin XCBuildConfiguration section */
		B827EB171C0AFCC7008CB5A2 /* Debug */ = {
			isa = XCBuildConfiguration;
			buildSettings = {
				ALWAYS_SEARCH_USER_PATHS = NO;
				CLANG_CXX_LANGUAGE_STANDARD = "gnu++0x";
				CLANG_CXX_LIBRARY = "libc++";
				CLANG_ENABLE_MODULES = YES;
				CLANG_ENABLE_OBJC_ARC = YES;
				CLANG_WARN_BOOL_CONVERSION = YES;
				CLANG_WARN_CONSTANT_CONVERSION = YES;
				CLANG_WARN_DIRECT_OBJC_ISA_USAGE = YES_ERROR;
				CLANG_WARN_EMPTY_BODY = YES;
				CLANG_WARN_ENUM_CONVERSION = YES;
				CLANG_WARN_INT_CONVERSION = YES;
				CLANG_WARN_OBJC_ROOT_CLASS = YES_ERROR;
				CLANG_WARN_UNREACHABLE_CODE = YES;
				CLANG_WARN__DUPLICATE_METHOD_MATCH = YES;
				"CODE_SIGN_IDENTITY[sdk=iphoneos*]" = "iPhone Developer";
				COPY_PHASE_STRIP = NO;
				DEBUG_INFORMATION_FORMAT = dwarf;
				ENABLE_STRICT_OBJC_MSGSEND = YES;
				ENABLE_TESTABILITY = YES;
				GCC_C_LANGUAGE_STANDARD = gnu99;
				GCC_DYNAMIC_NO_PIC = NO;
				GCC_NO_COMMON_BLOCKS = YES;
				GCC_OPTIMIZATION_LEVEL = 0;
				GCC_PREPROCESSOR_DEFINITIONS = (
					"DEBUG=1",
					"$(inherited)",
				);
				GCC_WARN_64_TO_32_BIT_CONVERSION = YES;
				GCC_WARN_ABOUT_RETURN_TYPE = YES_ERROR;
				GCC_WARN_UNDECLARED_SELECTOR = YES;
				GCC_WARN_UNINITIALIZED_AUTOS = YES_AGGRESSIVE;
				GCC_WARN_UNUSED_FUNCTION = YES;
				GCC_WARN_UNUSED_VARIABLE = YES;
				IPHONEOS_DEPLOYMENT_TARGET = 9.1;
				MTL_ENABLE_DEBUG_INFO = YES;
				ONLY_ACTIVE_ARCH = YES;
				SDKROOT = iphoneos;
				TARGETED_DEVICE_FAMILY = "1,2";
			};
			name = Debug;
		};
		B827EB181C0AFCC7008CB5A2 /* Release */ = {
			isa = XCBuildConfiguration;
			buildSettings = {
				ALWAYS_SEARCH_USER_PATHS = NO;
				CLANG_CXX_LANGUAGE_STANDARD = "gnu++0x";
				CLANG_CXX_LIBRARY = "libc++";
				CLANG_ENABLE_MODULES = YES;
				CLANG_ENABLE_OBJC_ARC = YES;
				CLANG_WARN_BOOL_CONVERSION = YES;
				CLANG_WARN_CONSTANT_CONVERSION = YES;
				CLANG_WARN_DIRECT_OBJC_ISA_USAGE = YES_ERROR;
				CLANG_WARN_EMPTY_BODY = YES;
				CLANG_WARN_ENUM_CONVERSION = YES;
				CLANG_WARN_INT_CONVERSION = YES;
				CLANG_WARN_OBJC_ROOT_CLASS = YES_ERROR;
				CLANG_WARN_UNREACHABLE_CODE = YES;
				CLANG_WARN__DUPLICATE_METHOD_MATCH = YES;
				"CODE_SIGN_IDENTITY[sdk=iphoneos*]" = "iPhone Developer";
				COPY_PHASE_STRIP = NO;
				DEBUG_INFORMATION_FORMAT = "dwarf-with-dsym";
				ENABLE_NS_ASSERTIONS = NO;
				ENABLE_STRICT_OBJC_MSGSEND = YES;
				GCC_C_LANGUAGE_STANDARD = gnu99;
				GCC_NO_COMMON_BLOCKS = YES;
				GCC_WARN_64_TO_32_BIT_CONVERSION = YES;
				GCC_WARN_ABOUT_RETURN_TYPE = YES_ERROR;
				GCC_WARN_UNDECLARED_SELECTOR = YES;
				GCC_WARN_UNINITIALIZED_AUTOS = YES_AGGRESSIVE;
				GCC_WARN_UNUSED_FUNCTION = YES;
				GCC_WARN_UNUSED_VARIABLE = YES;
				IPHONEOS_DEPLOYMENT_TARGET = 9.1;
				MTL_ENABLE_DEBUG_INFO = NO;
				SDKROOT = iphoneos;
				TARGETED_DEVICE_FAMILY = "1,2";
				VALIDATE_PRODUCT = YES;
			};
			name = Release;
		};
		B827EB1A1C0AFCC7008CB5A2 /* Debug */ = {
			isa = XCBuildConfiguration;
			baseConfigurationReference = 234496C7B6E8CB7D4C63560F /* Pods-FRPPlayground.debug.xcconfig */;
			buildSettings = {
				ASSETCATALOG_COMPILER_APPICON_NAME = AppIcon;
				INFOPLIST_FILE = FRPPlayground/Info.plist;
				LD_RUNPATH_SEARCH_PATHS = "$(inherited) @executable_path/Frameworks";
				PRODUCT_BUNDLE_IDENTIFIER = com.wentan.FRPPlayground;
				PRODUCT_NAME = "$(TARGET_NAME)";
			};
			name = Debug;
		};
		B827EB1B1C0AFCC7008CB5A2 /* Release */ = {
			isa = XCBuildConfiguration;
			baseConfigurationReference = 125007067332CEA58C8BAA83 /* Pods-FRPPlayground.release.xcconfig */;
			buildSettings = {
				ASSETCATALOG_COMPILER_APPICON_NAME = AppIcon;
				INFOPLIST_FILE = FRPPlayground/Info.plist;
				LD_RUNPATH_SEARCH_PATHS = "$(inherited) @executable_path/Frameworks";
				PRODUCT_BUNDLE_IDENTIFIER = com.wentan.FRPPlayground;
				PRODUCT_NAME = "$(TARGET_NAME)";
			};
			name = Release;
		};
/* End XCBuildConfiguration section */

/* Begin XCConfigurationList section */
		B827EAFD1C0AFCC7008CB5A2 /* Build configuration list for PBXProject "FRPPlayground" */ = {
			isa = XCConfigurationList;
			buildConfigurations = (
				B827EB171C0AFCC7008CB5A2 /* Debug */,
				B827EB181C0AFCC7008CB5A2 /* Release */,
			);
			defaultConfigurationIsVisible = 0;
			defaultConfigurationName = Release;
		};
		B827EB191C0AFCC7008CB5A2 /* Build configuration list for PBXNativeTarget "FRPPlayground" */ = {
			isa = XCConfigurationList;
			buildConfigurations = (
				B827EB1A1C0AFCC7008CB5A2 /* Debug */,
				B827EB1B1C0AFCC7008CB5A2 /* Release */,
			);
			defaultConfigurationIsVisible = 0;
			defaultConfigurationName = Release;
		};
/* End XCConfigurationList section */
	};
	rootObject = B827EAFA1C0AFCC7008CB5A2 /* Project object */;
}
