// !$*UTF8*$!
{
	archiveVersion = 1;
	classes = {
	};
	objectVersion = 46;
	objects = {

/* Begin PBXBuildFile section */
		B837CFE31C5EF967002F220A /* main.m in Sources */ = {isa = PBXBuildFile; fileRef = B837CFE21C5EF967002F220A /* main.m */; };
		B837CFE61C5EF967002F220A /* AppDelegate.m in Sources */ = {isa = PBXBuildFile; fileRef = B837CFE51C5EF967002F220A /* AppDelegate.m */; };
		B837CFE91C5EF967002F220A /* ViewController.m in Sources */ = {isa = PBXBuildFile; fileRef = B837CFE81C5EF967002F220A /* ViewController.m */; };
		B837CFEC1C5EF967002F220A /* Main.storyboard in Resources */ = {isa = PBXBuildFile; fileRef = B837CFEA1C5EF967002F220A /* Main.storyboard */; };
		B837CFEE1C5EF967002F220A /* Assets.xcassets in Resources */ = {isa = PBXBuildFile; fileRef = B837CFED1C5EF967002F220A /* Assets.xcassets */; };
		B837CFF11C5EF967002F220A /* LaunchScreen.storyboard in Resources */ = {isa = PBXBuildFile; fileRef = B837CFEF1C5EF967002F220A /* LaunchScreen.storyboard */; };
		B837CFFA1C5EF975002F220A /* Person.m in Sources */ = {isa = PBXBuildFile; fileRef = B837CFF91C5EF975002F220A /* Person.m */; };
/* End PBXBuildFile section */

/* Begin PBXFileReference section */
		B837CFDE1C5EF966002F220A /* TestForNSSortDescriptor.app */ = {isa = PBXFileReference; explicitFileType = wrapper.application; includeInIndex = 0; path = TestForNSSortDescriptor.app; sourceTree = BUILT_PRODUCTS_DIR; };
		B837CFE21C5EF967002F220A /* main.m */ = {isa = PBXFileReference; lastKnownFileType = sourcecode.c.objc; path = main.m; sourceTree = "<group>"; };
		B837CFE41C5EF967002F220A /* AppDelegate.h */ = {isa = PBXFileReference; lastKnownFileType = sourcecode.c.h; path = AppDelegate.h; sourceTree = "<group>"; };
		B837CFE51C5EF967002F220A /* AppDelegate.m */ = {isa = PBXFileReference; lastKnownFileType = sourcecode.c.objc; path = AppDelegate.m; sourceTree = "<group>"; };
		B837CFE71C5EF967002F220A /* ViewController.h */ = {isa = PBXFileReference; lastKnownFileType = sourcecode.c.h; path = ViewController.h; sourceTree = "<group>"; };
		B837CFE81C5EF967002F220A /* ViewController.m */ = {isa = PBXFileReference; lastKnownFileType = sourcecode.c.objc; path = ViewController.m; sourceTree = "<group>"; };
		B837CFEB1C5EF967002F220A /* Base */ = {isa = PBXFileReference; lastKnownFileType = file.storyboard; name = Base; path = Base.lproj/Main.storyboard; sourceTree = "<group>"; };
		B837CFED1C5EF967002F220A /* Assets.xcassets */ = {isa = PBXFileReference; lastKnownFileType = folder.assetcatalog; path = Assets.xcassets; sourceTree = "<group>"; };
		B837CFF01C5EF967002F220A /* Base */ = {isa = PBXFileReference; lastKnownFileType = file.storyboard; name = Base; path = Base.lproj/LaunchScreen.storyboard; sourceTree = "<group>"; };
		B837CFF21C5EF967002F220A /* Info.plist */ = {isa = PBXFileReference; lastKnownFileType = text.plist.xml; path = Info.plist; sourceTree = "<group>"; };
		B837CFF81C5EF975002F220A /* Person.h */ = {isa = PBXFileReference; fileEncoding = 4; lastKnownFileType = sourcecode.c.h; name = Person.h; path = ../Person.h; sourceTree = "<group>"; };
		B837CFF91C5EF975002F220A /* Person.m */ = {isa = PBXFileReference; fileEncoding = 4; lastKnownFileType = sourcecode.c.objc; name = Person.m; path = ../Person.m; sourceTree = "<group>"; };
/* End PBXFileReference section */

/* Begin PBXFrameworksBuildPhase section */
		B837CFDB1C5EF966002F220A /* Frameworks */ = {
			isa = PBXFrameworksBuildPhase;
			buildActionMask = 2147483647;
			files = (
			);
			runOnlyForDeploymentPostprocessing = 0;
		};
/* End PBXFrameworksBuildPhase section */

/* Begin PBXGroup section */
		B837CFD51C5EF966002F220A = {
			isa = PBXGroup;
			children = (
				B837CFE01C5EF967002F220A /* TestForNSSortDescriptor */,
				B837CFDF1C5EF966002F220A /* Products */,
			);
			sourceTree = "<group>";
		};
		B837CFDF1C5EF966002F220A /* Products */ = {
			isa = PBXGroup;
			children = (
				B837CFDE1C5EF966002F220A /* TestForNSSortDescriptor.app */,
			);
			name = Products;
			sourceTree = "<group>";
		};
		B837CFE01C5EF967002F220A /* TestForNSSortDescriptor */ = {
			isa = PBXGroup;
			children = (
				B837CFE41C5EF967002F220A /* AppDelegate.h */,
				B837CFE51C5EF967002F220A /* AppDelegate.m */,
				B837CFF81C5EF975002F220A /* Person.h */,
				B837CFF91C5EF975002F220A /* Person.m */,
				B837CFE71C5EF967002F220A /* ViewController.h */,
				B837CFE81C5EF967002F220A /* ViewController.m */,
				B837CFEA1C5EF967002F220A /* Main.storyboard */,
				B837CFED1C5EF967002F220A /* Assets.xcassets */,
				B837CFEF1C5EF967002F220A /* LaunchScreen.storyboard */,
				B837CFF21C5EF967002F220A /* Info.plist */,
				B837CFE11C5EF967002F220A /* Supporting Files */,
			);
			path = TestForNSSortDescriptor;
			sourceTree = "<group>";
		};
		B837CFE11C5EF967002F220A /* Supporting Files */ = {
			isa = PBXGroup;
			children = (
				B837CFE21C5EF967002F220A /* main.m */,
			);
			name = "Supporting Files";
			sourceTree = "<group>";
		};
/* End PBXGroup section */

/* Begin PBXNativeTarget section */
		B837CFDD1C5EF966002F220A /* TestForNSSortDescriptor */ = {
			isa = PBXNativeTarget;
			buildConfigurationList = B837CFF51C5EF967002F220A /* Build configuration list for PBXNativeTarget "TestForNSSortDescriptor" */;
			buildPhases = (
				B837CFDA1C5EF966002F220A /* Sources */,
				B837CFDB1C5EF966002F220A /* Frameworks */,
				B837CFDC1C5EF966002F220A /* Resources */,
			);
			buildRules = (
			);
			dependencies = (
			);
			name = TestForNSSortDescriptor;
			productName = TestForNSSortDescriptor;
			productReference = B837CFDE1C5EF966002F220A /* TestForNSSortDescriptor.app */;
			productType = "com.apple.product-type.application";
		};
/* End PBXNativeTarget section */

/* Begin PBXProject section */
		B837CFD61C5EF966002F220A /* Project object */ = {
			isa = PBXProject;
			attributes = {
				LastUpgradeCheck = 0720;
				ORGANIZATIONNAME = "Wen Tan";
				TargetAttributes = {
					B837CFDD1C5EF966002F220A = {
						CreatedOnToolsVersion = 7.2;
					};
				};
			};
			buildConfigurationList = B837CFD91C5EF966002F220A /* Build configuration list for PBXProject "TestForNSSortDescriptor" */;
			compatibilityVersion = "Xcode 3.2";
			developmentRegion = English;
			hasScannedForEncodings = 0;
			knownRegions = (
				en,
				Base,
			);
			mainGroup = B837CFD51C5EF966002F220A;
			productRefGroup = B837CFDF1C5EF966002F220A /* Products */;
			projectDirPath = "";
			projectRoot = "";
			targets = (
				B837CFDD1C5EF966002F220A /* TestForNSSortDescriptor */,
			);
		};
/* End PBXProject section */

/* Begin PBXResourcesBuildPhase section */
		B837CFDC1C5EF966002F220A /* Resources */ = {
			isa = PBXResourcesBuildPhase;
			buildActionMask = 2147483647;
			files = (
				B837CFF11C5EF967002F220A /* LaunchScreen.storyboard in Resources */,
				B837CFEE1C5EF967002F220A /* Assets.xcassets in Resources */,
				B837CFEC1C5EF967002F220A /* Main.storyboard in Resources */,
			);
			runOnlyForDeploymentPostprocessing = 0;
		};
/* End PBXResourcesBuildPhase section */

/* Begin PBXSourcesBuildPhase section */
		B837CFDA1C5EF966002F220A /* Sources */ = {
			isa = PBXSourcesBuildPhase;
			buildActionMask = 2147483647;
			files = (
				B837CFE91C5EF967002F220A /* ViewController.m in Sources */,
				B837CFE61C5EF967002F220A /* AppDelegate.m in Sources */,
				B837CFFA1C5EF975002F220A /* Person.m in Sources */,
				B837CFE31C5EF967002F220A /* main.m in Sources */,
			);
			runOnlyForDeploymentPostprocessing = 0;
		};
/* End PBXSourcesBuildPhase section */

/* Begin PBXVariantGroup section */
		B837CFEA1C5EF967002F220A /* Main.storyboard */ = {
			isa = PBXVariantGroup;
			children = (
				B837CFEB1C5EF967002F220A /* Base */,
			);
			name = Main.storyboard;
			sourceTree = "<group>";
		};
		B837CFEF1C5EF967002F220A /* LaunchScreen.storyboard */ = {
			isa = PBXVariantGroup;
			children = (
				B837CFF01C5EF967002F220A /* Base */,
			);
			name = LaunchScreen.storyboard;
			sourceTree = "<group>";
		};
/* End PBXVariantGroup section */

/* Begin XCBuildConfiguration section */
		B837CFF31C5EF967002F220A /* Debug */ = {
			isa = XCBuildConfiguration;
			buildSettings = {
				ALWAYS_SEARCH_USER_PATHS = NO;
				CLANG_CXX_LANGUAGE_STANDARD = "gnu++0x";
				CLANG_CXX_LIBRARY = "libc++";
				CLANG_ENABLE_MODULES = YES;
				CLANG_ENABLE_OBJC_ARC = YES;
				CLANG_WARN_BOOL_CONVERSION = YES;
				CLANG_WARN_CONSTANT_CONVERSION = YES;
				CLANG_WARN_DIRECT_OBJC_ISA_USAGE = YES_ERROR;
				CLANG_WARN_EMPTY_BODY = YES;
				CLANG_WARN_ENUM_CONVERSION = YES;
				CLANG_WARN_INT_CONVERSION = YES;
				CLANG_WARN_OBJC_ROOT_CLASS = YES_ERROR;
				CLANG_WARN_UNREACHABLE_CODE = YES;
				CLANG_WARN__DUPLICATE_METHOD_MATCH = YES;
				"CODE_SIGN_IDENTITY[sdk=iphoneos*]" = "iPhone Developer";
				COPY_PHASE_STRIP = NO;
				DEBUG_INFORMATION_FORMAT = dwarf;
				ENABLE_STRICT_OBJC_MSGSEND = YES;
				ENABLE_TESTABILITY = YES;
				GCC_C_LANGUAGE_STANDARD = gnu99;
				GCC_DYNAMIC_NO_PIC = NO;
				GCC_NO_COMMON_BLOCKS = YES;
				GCC_OPTIMIZATION_LEVEL = 0;
				GCC_PREPROCESSOR_DEFINITIONS = (
					"DEBUG=1",
					"$(inherited)",
				);
				GCC_WARN_64_TO_32_BIT_CONVERSION = YES;
				GCC_WARN_ABOUT_RETURN_TYPE = YES_ERROR;
				GCC_WARN_UNDECLARED_SELECTOR = YES;
				GCC_WARN_UNINITIALIZED_AUTOS = YES_AGGRESSIVE;
				GCC_WARN_UNUSED_FUNCTION = YES;
				GCC_WARN_UNUSED_VARIABLE = YES;
				IPHONEOS_DEPLOYMENT_TARGET = 9.2;
				MTL_ENABLE_DEBUG_INFO = YES;
				ONLY_ACTIVE_ARCH = YES;
				SDKROOT = iphoneos;
				TARGETED_DEVICE_FAMILY = "1,2";
			};
			name = Debug;
		};
		B837CFF41C5EF967002F220A /* Release */ = {
			isa = XCBuildConfiguration;
			buildSettings = {
				ALWAYS_SEARCH_USER_PATHS = NO;
				CLANG_CXX_LANGUAGE_STANDARD = "gnu++0x";
				CLANG_CXX_LIBRARY = "libc++";
				CLANG_ENABLE_MODULES = YES;
				CLANG_ENABLE_OBJC_ARC = YES;
				CLANG_WARN_BOOL_CONVERSION = YES;
				CLANG_WARN_CONSTANT_CONVERSION = YES;
				CLANG_WARN_DIRECT_OBJC_ISA_USAGE = YES_ERROR;
				CLANG_WARN_EMPTY_BODY = YES;
				CLANG_WARN_ENUM_CONVERSION = YES;
				CLANG_WARN_INT_CONVERSION = YES;
				CLANG_WARN_OBJC_ROOT_CLASS = YES_ERROR;
				CLANG_WARN_UNREACHABLE_CODE = YES;
				CLANG_WARN__DUPLICATE_METHOD_MATCH = YES;
				"CODE_SIGN_IDENTITY[sdk=iphoneos*]" = "iPhone Developer";
				COPY_PHASE_STRIP = NO;
				DEBUG_INFORMATION_FORMAT = "dwarf-with-dsym";
				ENABLE_NS_ASSERTIONS = NO;
				ENABLE_STRICT_OBJC_MSGSEND = YES;
				GCC_C_LANGUAGE_STANDARD = gnu99;
				GCC_NO_COMMON_BLOCKS = YES;
				GCC_WARN_64_TO_32_BIT_CONVERSION = YES;
				GCC_WARN_ABOUT_RETURN_TYPE = YES_ERROR;
				GCC_WARN_UNDECLARED_SELECTOR = YES;
				GCC_WARN_UNINITIALIZED_AUTOS = YES_AGGRESSIVE;
				GCC_WARN_UNUSED_FUNCTION = YES;
				GCC_WARN_UNUSED_VARIABLE = YES;
				IPHONEOS_DEPLOYMENT_TARGET = 9.2;
				MTL_ENABLE_DEBUG_INFO = NO;
				SDKROOT = iphoneos;
				TARGETED_DEVICE_FAMILY = "1,2";
				VALIDATE_PRODUCT = YES;
			};
			name = Release;
		};
		B837CFF61C5EF967002F220A /* Debug */ = {
			isa = XCBuildConfiguration;
			buildSettings = {
				ASSETCATALOG_COMPILER_APPICON_NAME = AppIcon;
				INFOPLIST_FILE = TestForNSSortDescriptor/Info.plist;
				LD_RUNPATH_SEARCH_PATHS = "$(inherited) @executable_path/Frameworks";
				PRODUCT_BUNDLE_IDENTIFIER = com.wentan.TestForNSSortDescriptor;
				PRODUCT_NAME = "$(TARGET_NAME)";
			};
			name = Debug;
		};
		B837CFF71C5EF967002F220A /* Release */ = {
			isa = XCBuildConfiguration;
			buildSettings = {
				ASSETCATALOG_COMPILER_APPICON_NAME = AppIcon;
				INFOPLIST_FILE = TestForNSSortDescriptor/Info.plist;
				LD_RUNPATH_SEARCH_PATHS = "$(inherited) @executable_path/Frameworks";
				PRODUCT_BUNDLE_IDENTIFIER = com.wentan.TestForNSSortDescriptor;
				PRODUCT_NAME = "$(TARGET_NAME)";
			};
			name = Release;
		};
/* End XCBuildConfiguration section */

/* Begin XCConfigurationList section */
		B837CFD91C5EF966002F220A /* Build configuration list for PBXProject "TestForNSSortDescriptor" */ = {
			isa = XCConfigurationList;
			buildConfigurations = (
				B837CFF31C5EF967002F220A /* Debug */,
				B837CFF41C5EF967002F220A /* Release */,
			);
			defaultConfigurationIsVisible = 0;
			defaultConfigurationName = Release;
		};
		B837CFF51C5EF967002F220A /* Build configuration list for PBXNativeTarget "TestForNSSortDescriptor" */ = {
			isa = XCConfigurationList;
			buildConfigurations = (
				B837CFF61C5EF967002F220A /* Debug */,
				B837CFF71C5EF967002F220A /* Release */,
			);
			defaultConfigurationIsVisible = 0;
		};
/* End XCConfigurationList section */
	};
	rootObject = B837CFD61C5EF966002F220A /* Project object */;
}
