// !$*UTF8*$!
{
	archiveVersion = 1;
	classes = {
	};
	objectVersion = 46;
	objects = {

/* Begin PBXBuildFile section */
		B87C029B1C6B1A3200CF5739 /* main.m in Sources */ = {isa = PBXBuildFile; fileRef = B87C029A1C6B1A3200CF5739 /* main.m */; };
		B87C029E1C6B1A3200CF5739 /* AppDelegate.m in Sources */ = {isa = PBXBuildFile; fileRef = B87C029D1C6B1A3200CF5739 /* AppDelegate.m */; };
		B87C02A11C6B1A3200CF5739 /* ViewController.m in Sources */ = {isa = PBXBuildFile; fileRef = B87C02A01C6B1A3200CF5739 /* ViewController.m */; };
		B87C02A61C6B1A3200CF5739 /* Assets.xcassets in Resources */ = {isa = PBXBuildFile; fileRef = B87C02A51C6B1A3200CF5739 /* Assets.xcassets */; };
		B87C02A91C6B1A3200CF5739 /* LaunchScreen.storyboard in Resources */ = {isa = PBXBuildFile; fileRef = B87C02A71C6B1A3200CF5739 /* LaunchScreen.storyboard */; };
		B87C02D81C6B2E6F00CF5739 /* TWContraintUtilities-Install.m in Sources */ = {isa = PBXBuildFile; fileRef = B87C02D71C6B2E6F00CF5739 /* TWContraintUtilities-Install.m */; };
		B87C02DB1C6B39B200CF5739 /* TWConstraintUtilities-Matching.m in Sources */ = {isa = PBXBuildFile; fileRef = B87C02DA1C6B39B200CF5739 /* TWConstraintUtilities-Matching.m */; };
		B87C02DE1C6B39CE00CF5739 /* NSObject-Nametag.m in Sources */ = {isa = PBXBuildFile; fileRef = B87C02DD1C6B39CE00CF5739 /* NSObject-Nametag.m */; };
/* End PBXBuildFile section */

/* Begin PBXFileReference section */
		B87C02961C6B1A3200CF5739 /* C02Constraints.app */ = {isa = PBXFileReference; explicitFileType = wrapper.application; includeInIndex = 0; path = C02Constraints.app; sourceTree = BUILT_PRODUCTS_DIR; };
		B87C029A1C6B1A3200CF5739 /* main.m */ = {isa = PBXFileReference; lastKnownFileType = sourcecode.c.objc; path = main.m; sourceTree = "<group>"; };
		B87C029C1C6B1A3200CF5739 /* AppDelegate.h */ = {isa = PBXFileReference; lastKnownFileType = sourcecode.c.h; path = AppDelegate.h; sourceTree = "<group>"; };
		B87C029D1C6B1A3200CF5739 /* AppDelegate.m */ = {isa = PBXFileReference; lastKnownFileType = sourcecode.c.objc; path = AppDelegate.m; sourceTree = "<group>"; };
		B87C029F1C6B1A3200CF5739 /* ViewController.h */ = {isa = PBXFileReference; lastKnownFileType = sourcecode.c.h; path = ViewController.h; sourceTree = "<group>"; };
		B87C02A01C6B1A3200CF5739 /* ViewController.m */ = {isa = PBXFileReference; lastKnownFileType = sourcecode.c.objc; path = ViewController.m; sourceTree = "<group>"; };
		B87C02A51C6B1A3200CF5739 /* Assets.xcassets */ = {isa = PBXFileReference; lastKnownFileType = folder.assetcatalog; path = Assets.xcassets; sourceTree = "<group>"; };
		B87C02A81C6B1A3200CF5739 /* Base */ = {isa = PBXFileReference; lastKnownFileType = file.storyboard; name = Base; path = Base.lproj/LaunchScreen.storyboard; sourceTree = "<group>"; };
		B87C02AA1C6B1A3200CF5739 /* Info.plist */ = {isa = PBXFileReference; lastKnownFileType = text.plist.xml; path = Info.plist; sourceTree = "<group>"; };
		B87C02D61C6B2E6F00CF5739 /* TWContraintUtilities-Install.h */ = {isa = PBXFileReference; fileEncoding = 4; lastKnownFileType = sourcecode.c.h; name = "TWContraintUtilities-Install.h"; path = "../TWContraintUtilities-Install.h"; sourceTree = "<group>"; };
		B87C02D71C6B2E6F00CF5739 /* TWContraintUtilities-Install.m */ = {isa = PBXFileReference; fileEncoding = 4; lastKnownFileType = sourcecode.c.objc; name = "TWContraintUtilities-Install.m"; path = "../TWContraintUtilities-Install.m"; sourceTree = "<group>"; };
		B87C02D91C6B39B200CF5739 /* TWConstraintUtilities-Matching.h */ = {isa = PBXFileReference; fileEncoding = 4; lastKnownFileType = sourcecode.c.h; path = "TWConstraintUtilities-Matching.h"; sourceTree = "<group>"; };
		B87C02DA1C6B39B200CF5739 /* TWConstraintUtilities-Matching.m */ = {isa = PBXFileReference; fileEncoding = 4; lastKnownFileType = sourcecode.c.objc; path = "TWConstraintUtilities-Matching.m"; sourceTree = "<group>"; };
		B87C02DC1C6B39CE00CF5739 /* NSObject-Nametag.h */ = {isa = PBXFileReference; fileEncoding = 4; lastKnownFileType = sourcecode.c.h; path = "NSObject-Nametag.h"; sourceTree = "<group>"; };
		B87C02DD1C6B39CE00CF5739 /* NSObject-Nametag.m */ = {isa = PBXFileReference; fileEncoding = 4; lastKnownFileType = sourcecode.c.objc; path = "NSObject-Nametag.m"; sourceTree = "<group>"; };
/* End PBXFileReference section */

/* Begin PBXFrameworksBuildPhase section */
		B87C02931C6B1A3200CF5739 /* Frameworks */ = {
			isa = PBXFrameworksBuildPhase;
			buildActionMask = 2147483647;
			files = (
			);
			runOnlyForDeploymentPostprocessing = 0;
		};
/* End PBXFrameworksBuildPhase section */

/* Begin PBXGroup section */
		B87C028D1C6B1A3200CF5739 = {
			isa = PBXGroup;
			children = (
				B87C02981C6B1A3200CF5739 /* C02Constraints */,
				B87C02971C6B1A3200CF5739 /* Products */,
			);
			sourceTree = "<group>";
		};
		B87C02971C6B1A3200CF5739 /* Products */ = {
			isa = PBXGroup;
			children = (
				B87C02961C6B1A3200CF5739 /* C02Constraints.app */,
			);
			name = Products;
			sourceTree = "<group>";
		};
		B87C02981C6B1A3200CF5739 /* C02Constraints */ = {
			isa = PBXGroup;
			children = (
				B87C029C1C6B1A3200CF5739 /* AppDelegate.h */,
				B87C029D1C6B1A3200CF5739 /* AppDelegate.m */,
				B87C029F1C6B1A3200CF5739 /* ViewController.h */,
				B87C02A01C6B1A3200CF5739 /* ViewController.m */,
				B87C02A51C6B1A3200CF5739 /* Assets.xcassets */,
				B87C02A71C6B1A3200CF5739 /* LaunchScreen.storyboard */,
				B87C02AA1C6B1A3200CF5739 /* Info.plist */,
				B87C02991C6B1A3200CF5739 /* Supporting Files */,
			);
			path = C02Constraints;
			sourceTree = "<group>";
		};
		B87C02991C6B1A3200CF5739 /* Supporting Files */ = {
			isa = PBXGroup;
			children = (
				B87C029A1C6B1A3200CF5739 /* main.m */,
				B87C02D61C6B2E6F00CF5739 /* TWContraintUtilities-Install.h */,
				B87C02D71C6B2E6F00CF5739 /* TWContraintUtilities-Install.m */,
				B87C02D91C6B39B200CF5739 /* TWConstraintUtilities-Matching.h */,
				B87C02DA1C6B39B200CF5739 /* TWConstraintUtilities-Matching.m */,
				B87C02DC1C6B39CE00CF5739 /* NSObject-Nametag.h */,
				B87C02DD1C6B39CE00CF5739 /* NSObject-Nametag.m */,
			);
			name = "Supporting Files";
			sourceTree = "<group>";
		};
/* End PBXGroup section */

/* Begin PBXNativeTarget section */
		B87C02951C6B1A3200CF5739 /* C02Constraints */ = {
			isa = PBXNativeTarget;
			buildConfigurationList = B87C02AD1C6B1A3200CF5739 /* Build configuration list for PBXNativeTarget "C02Constraints" */;
			buildPhases = (
				B87C02921C6B1A3200CF5739 /* Sources */,
				B87C02931C6B1A3200CF5739 /* Frameworks */,
				B87C02941C6B1A3200CF5739 /* Resources */,
			);
			buildRules = (
			);
			dependencies = (
			);
			name = C02Constraints;
			productName = C02Constraints;
			productReference = B87C02961C6B1A3200CF5739 /* C02Constraints.app */;
			productType = "com.apple.product-type.application";
		};
/* End PBXNativeTarget section */

/* Begin PBXProject section */
		B87C028E1C6B1A3200CF5739 /* Project object */ = {
			isa = PBXProject;
			attributes = {
				LastUpgradeCheck = 0720;
				ORGANIZATIONNAME = "Wen Tan";
				TargetAttributes = {
					B87C02951C6B1A3200CF5739 = {
						CreatedOnToolsVersion = 7.2.1;
					};
				};
			};
			buildConfigurationList = B87C02911C6B1A3200CF5739 /* Build configuration list for PBXProject "C02Constraints" */;
			compatibilityVersion = "Xcode 3.2";
			developmentRegion = English;
			hasScannedForEncodings = 0;
			knownRegions = (
				en,
				Base,
			);
			mainGroup = B87C028D1C6B1A3200CF5739;
			productRefGroup = B87C02971C6B1A3200CF5739 /* Products */;
			projectDirPath = "";
			projectRoot = "";
			targets = (
				B87C02951C6B1A3200CF5739 /* C02Constraints */,
			);
		};
/* End PBXProject section */

/* Begin PBXResourcesBuildPhase section */
		B87C02941C6B1A3200CF5739 /* Resources */ = {
			isa = PBXResourcesBuildPhase;
			buildActionMask = 2147483647;
			files = (
				B87C02A91C6B1A3200CF5739 /* LaunchScreen.storyboard in Resources */,
				B87C02A61C6B1A3200CF5739 /* Assets.xcassets in Resources */,
			);
			runOnlyForDeploymentPostprocessing = 0;
		};
/* End PBXResourcesBuildPhase section */

/* Begin PBXSourcesBuildPhase section */
		B87C02921C6B1A3200CF5739 /* Sources */ = {
			isa = PBXSourcesBuildPhase;
			buildActionMask = 2147483647;
			files = (
				B87C02DB1C6B39B200CF5739 /* TWConstraintUtilities-Matching.m in Sources */,
				B87C02A11C6B1A3200CF5739 /* ViewController.m in Sources */,
				B87C029E1C6B1A3200CF5739 /* AppDelegate.m in Sources */,
				B87C02D81C6B2E6F00CF5739 /* TWContraintUtilities-Install.m in Sources */,
				B87C029B1C6B1A3200CF5739 /* main.m in Sources */,
				B87C02DE1C6B39CE00CF5739 /* NSObject-Nametag.m in Sources */,
			);
			runOnlyForDeploymentPostprocessing = 0;
		};
/* End PBXSourcesBuildPhase section */

/* Begin PBXVariantGroup section */
		B87C02A71C6B1A3200CF5739 /* LaunchScreen.storyboard */ = {
			isa = PBXVariantGroup;
			children = (
				B87C02A81C6B1A3200CF5739 /* Base */,
			);
			name = LaunchScreen.storyboard;
			sourceTree = "<group>";
		};
/* End PBXVariantGroup section */

/* Begin XCBuildConfiguration section */
		B87C02AB1C6B1A3200CF5739 /* Debug */ = {
			isa = XCBuildConfiguration;
			buildSettings = {
				ALWAYS_SEARCH_USER_PATHS = NO;
				CLANG_CXX_LANGUAGE_STANDARD = "gnu++0x";
				CLANG_CXX_LIBRARY = "libc++";
				CLANG_ENABLE_MODULES = YES;
				CLANG_ENABLE_OBJC_ARC = YES;
				CLANG_WARN_BOOL_CONVERSION = YES;
				CLANG_WARN_CONSTANT_CONVERSION = YES;
				CLANG_WARN_DIRECT_OBJC_ISA_USAGE = YES_ERROR;
				CLANG_WARN_EMPTY_BODY = YES;
				CLANG_WARN_ENUM_CONVERSION = YES;
				CLANG_WARN_INT_CONVERSION = YES;
				CLANG_WARN_OBJC_ROOT_CLASS = YES_ERROR;
				CLANG_WARN_UNREACHABLE_CODE = YES;
				CLANG_WARN__DUPLICATE_METHOD_MATCH = YES;
				"CODE_SIGN_IDENTITY[sdk=iphoneos*]" = "iPhone Developer";
				COPY_PHASE_STRIP = NO;
				DEBUG_INFORMATION_FORMAT = dwarf;
				ENABLE_STRICT_OBJC_MSGSEND = YES;
				ENABLE_TESTABILITY = YES;
				GCC_C_LANGUAGE_STANDARD = gnu99;
				GCC_DYNAMIC_NO_PIC = NO;
				GCC_NO_COMMON_BLOCKS = YES;
				GCC_OPTIMIZATION_LEVEL = 0;
				GCC_PREPROCESSOR_DEFINITIONS = (
					"DEBUG=1",
					"$(inherited)",
				);
				GCC_WARN_64_TO_32_BIT_CONVERSION = YES;
				GCC_WARN_ABOUT_RETURN_TYPE = YES_ERROR;
				GCC_WARN_UNDECLARED_SELECTOR = YES;
				GCC_WARN_UNINITIALIZED_AUTOS = YES_AGGRESSIVE;
				GCC_WARN_UNUSED_FUNCTION = YES;
				GCC_WARN_UNUSED_VARIABLE = YES;
				IPHONEOS_DEPLOYMENT_TARGET = 9.2;
				MTL_ENABLE_DEBUG_INFO = YES;
				ONLY_ACTIVE_ARCH = YES;
				SDKROOT = iphoneos;
				TARGETED_DEVICE_FAMILY = "1,2";
			};
			name = Debug;
		};
		B87C02AC1C6B1A3200CF5739 /* Release */ = {
			isa = XCBuildConfiguration;
			buildSettings = {
				ALWAYS_SEARCH_USER_PATHS = NO;
				CLANG_CXX_LANGUAGE_STANDARD = "gnu++0x";
				CLANG_CXX_LIBRARY = "libc++";
				CLANG_ENABLE_MODULES = YES;
				CLANG_ENABLE_OBJC_ARC = YES;
				CLANG_WARN_BOOL_CONVERSION = YES;
				CLANG_WARN_CONSTANT_CONVERSION = YES;
				CLANG_WARN_DIRECT_OBJC_ISA_USAGE = YES_ERROR;
				CLANG_WARN_EMPTY_BODY = YES;
				CLANG_WARN_ENUM_CONVERSION = YES;
				CLANG_WARN_INT_CONVERSION = YES;
				CLANG_WARN_OBJC_ROOT_CLASS = YES_ERROR;
				CLANG_WARN_UNREACHABLE_CODE = YES;
				CLANG_WARN__DUPLICATE_METHOD_MATCH = YES;
				"CODE_SIGN_IDENTITY[sdk=iphoneos*]" = "iPhone Developer";
				COPY_PHASE_STRIP = NO;
				DEBUG_INFORMATION_FORMAT = "dwarf-with-dsym";
				ENABLE_NS_ASSERTIONS = NO;
				ENABLE_STRICT_OBJC_MSGSEND = YES;
				GCC_C_LANGUAGE_STANDARD = gnu99;
				GCC_NO_COMMON_BLOCKS = YES;
				GCC_WARN_64_TO_32_BIT_CONVERSION = YES;
				GCC_WARN_ABOUT_RETURN_TYPE = YES_ERROR;
				GCC_WARN_UNDECLARED_SELECTOR = YES;
				GCC_WARN_UNINITIALIZED_AUTOS = YES_AGGRESSIVE;
				GCC_WARN_UNUSED_FUNCTION = YES;
				GCC_WARN_UNUSED_VARIABLE = YES;
				IPHONEOS_DEPLOYMENT_TARGET = 9.2;
				MTL_ENABLE_DEBUG_INFO = NO;
				SDKROOT = iphoneos;
				TARGETED_DEVICE_FAMILY = "1,2";
				VALIDATE_PRODUCT = YES;
			};
			name = Release;
		};
		B87C02AE1C6B1A3200CF5739 /* Debug */ = {
			isa = XCBuildConfiguration;
			buildSettings = {
				ASSETCATALOG_COMPILER_APPICON_NAME = AppIcon;
				INFOPLIST_FILE = C02Constraints/Info.plist;
				LD_RUNPATH_SEARCH_PATHS = "$(inherited) @executable_path/Frameworks";
				PRODUCT_BUNDLE_IDENTIFIER = com.wentan.C02Constraints;
				PRODUCT_NAME = "$(TARGET_NAME)";
			};
			name = Debug;
		};
		B87C02AF1C6B1A3200CF5739 /* Release */ = {
			isa = XCBuildConfiguration;
			buildSettings = {
				ASSETCATALOG_COMPILER_APPICON_NAME = AppIcon;
				INFOPLIST_FILE = C02Constraints/Info.plist;
				LD_RUNPATH_SEARCH_PATHS = "$(inherited) @executable_path/Frameworks";
				PRODUCT_BUNDLE_IDENTIFIER = com.wentan.C02Constraints;
				PRODUCT_NAME = "$(TARGET_NAME)";
			};
			name = Release;
		};
/* End XCBuildConfiguration section */

/* Begin XCConfigurationList section */
		B87C02911C6B1A3200CF5739 /* Build configuration list for PBXProject "C02Constraints" */ = {
			isa = XCConfigurationList;
			buildConfigurations = (
				B87C02AB1C6B1A3200CF5739 /* Debug */,
				B87C02AC1C6B1A3200CF5739 /* Release */,
			);
			defaultConfigurationIsVisible = 0;
			defaultConfigurationName = Release;
		};
		B87C02AD1C6B1A3200CF5739 /* Build configuration list for PBXNativeTarget "C02Constraints" */ = {
			isa = XCConfigurationList;
			buildConfigurations = (
				B87C02AE1C6B1A3200CF5739 /* Debug */,
				B87C02AF1C6B1A3200CF5739 /* Release */,
			);
			defaultConfigurationIsVisible = 0;
		};
/* End XCConfigurationList section */
	};
	rootObject = B87C028E1C6B1A3200CF5739 /* Project object */;
}
